
Microsoft Visual Studio Solution File, Format Version 12.00
# Visual Studio Version 17
VisualStudioVersion = 17.11.35303.130
MinimumVisualStudioVersion = 10.0.40219.1
Project("{2150E333-8FDC-42A3-9474-1A3956D46DE8}") = "Task0", "Task0", "{62659534-10E1-4D3D-BA20-6CCF79BF1B0B}"
EndProject
Project("{9A19103F-16F7-4668-BE54-9A1E7A4F7556}") = "Tyuiu.ShakirovaGM.Sprint6.Task0.V2.Lib", "Tyuiu.ShakirovaGM.Sprint6.Task0.V2.Lib\Tyuiu.ShakirovaGM.Sprint6.Task0.V2.Lib.csproj", "{9716B2FA-1D43-4664-BC98-2A58512DE924}"
EndProject
Project("{9A19103F-16F7-4668-BE54-9A1E7A4F7556}") = "Tyuiu.ShakirovaGM.Sprint6.Task0.V2.Test", "Tyuiu.ShakirovaGM.Sprint6.Task0.V2.Test\Tyuiu.ShakirovaGM.Sprint6.Task0.V2.Test.csproj", "{B3327EA0-C8DF-49FF-AC7C-1F4BDFFA0846}"
EndProject
Project("{FAE04EC0-301F-11D3-BF4B-00C04F79EFBC}") = "Tyuiu.ShakirovaGM.Sprint6.Task0.V2", "Tyuiu.ShakirovaGM.Sprint6.Task0.V2\Tyuiu.ShakirovaGM.Sprint6.Task0.V2.csproj", "{C18B9B4B-18A8-47BF-B6E3-D6D8553195B2}"
EndProject
Global
	GlobalSection(SolutionConfigurationPlatforms) = preSolution
		Debug|Any CPU = Debug|Any CPU
		Release|Any CPU = Release|Any CPU
	EndGlobalSection
	GlobalSection(ProjectConfigurationPlatforms) = postSolution
		{9716B2FA-1D43-4664-BC98-2A58512DE924}.Debug|Any CPU.ActiveCfg = Debug|Any CPU
		{9716B2FA-1D43-4664-BC98-2A58512DE924}.Debug|Any CPU.Build.0 = Debug|Any CPU
		{9716B2FA-1D43-4664-BC98-2A58512DE924}.Release|Any CPU.ActiveCfg = Release|Any CPU
		{9716B2FA-1D43-4664-BC98-2A58512DE924}.Release|Any CPU.Build.0 = Release|Any CPU
		{B3327EA0-C8DF-49FF-AC7C-1F4BDFFA0846}.Debug|Any CPU.ActiveCfg = Debug|Any CPU
		{B3327EA0-C8DF-49FF-AC7C-1F4BDFFA0846}.Debug|Any CPU.Build.0 = Debug|Any CPU
		{B3327EA0-C8DF-49FF-AC7C-1F4BDFFA0846}.Release|Any CPU.ActiveCfg = Release|Any CPU
		{B3327EA0-C8DF-49FF-AC7C-1F4BDFFA0846}.Release|Any CPU.Build.0 = Release|Any CPU
		{C18B9B4B-18A8-47BF-B6E3-D6D8553195B2}.Debug|Any CPU.ActiveCfg = Debug|Any CPU
		{C18B9B4B-18A8-47BF-B6E3-D6D8553195B2}.Debug|Any CPU.Build.0 = Debug|Any CPU
		{C18B9B4B-18A8-47BF-B6E3-D6D8553195B2}.Release|Any CPU.ActiveCfg = Release|Any CPU
		{C18B9B4B-18A8-47BF-B6E3-D6D8553195B2}.Release|Any CPU.Build.0 = Release|Any CPU
	EndGlobalSection
	GlobalSection(SolutionProperties) = preSolution
		HideSolutionNode = FALSE
	EndGlobalSection
	GlobalSection(NestedProjects) = preSolution
		{9716B2FA-1D43-4664-BC98-2A58512DE924} = {62659534-10E1-4D3D-BA20-6CCF79BF1B0B}
		{B3327EA0-C8DF-49FF-AC7C-1F4BDFFA0846} = {62659534-10E1-4D3D-BA20-6CCF79BF1B0B}
		{C18B9B4B-18A8-47BF-B6E3-D6D8553195B2} = {62659534-10E1-4D3D-BA20-6CCF79BF1B0B}
	EndGlobalSection
	GlobalSection(ExtensibilityGlobals) = postSolution
		SolutionGuid = {A28BC25C-7354-43F4-B07B-A8684B6CB99A}
	EndGlobalSection
EndGlobal
